
Microsoft Visual Studio Solution File, Format Version 12.00
# Visual Studio Version 17
VisualStudioVersion = 17.5.002.0
MinimumVisualStudioVersion = 10.0.40219.1
Project("{2150E333-8FDC-42A3-9474-1A3956D46DE8}") = "csharp-prep", "csharp-prep", "{B6BC4DDA-6381-4B12-ABDE-CDA562A25826}"
EndProject
Project("{9A19103F-16F7-4668-BE54-9A1E7A4F7556}") = "Prep1", "csharp-prep\Prep1\Prep1.csproj", "{7C1B5478-82BC-4BA7-806B-5FACEF68FEBB}"
EndProject
Project("{9A19103F-16F7-4668-BE54-9A1E7A4F7556}") = "Prep2", "csharp-prep\Prep2\Prep2.csproj", "{5A6B7B15-2C9B-45C4-B68E-CB6BE6D4C9CE}"
EndProject
Project("{9A19103F-16F7-4668-BE54-9A1E7A4F7556}") = "Prep3", "csharp-prep\Prep3\Prep3.csproj", "{F817A86B-E484-4E05-892C-CAA4E26D93A2}"
EndProject
Project("{9A19103F-16F7-4668-BE54-9A1E7A4F7556}") = "Prep4", "csharp-prep\Prep4\Prep4.csproj", "{B89C4131-82ED-4D8D-959E-4A6CACF454AB}"
EndProject
Project("{9A19103F-16F7-4668-BE54-9A1E7A4F7556}") = "Prep5", "csharp-prep\Prep5\Prep5.csproj", "{CA407760-5D10-41FA-AF0D-EC8AB9D40CAD}"
EndProject
Project("{2150E333-8FDC-42A3-9474-1A3956D46DE8}") = "final", "final", "{A9C729A8-F92A-49CE-A434-7C0958D96C46}"
EndProject
Project("{9A19103F-16F7-4668-BE54-9A1E7A4F7556}") = "FinalProject", "final\FinalProject\FinalProject.csproj", "{D61F217A-7A95-4326-9F3E-97BDF2922800}"
EndProject
Project("{9A19103F-16F7-4668-BE54-9A1E7A4F7556}") = "Foundation1", "final\Foundation1\Foundation1.csproj", "{777C41A9-3AF5-4734-A043-201DF60F537E}"
EndProject
Project("{9A19103F-16F7-4668-BE54-9A1E7A4F7556}") = "Foundation2", "final\Foundation2\Foundation2.csproj", "{0F46D145-871F-4D75-B8B8-8DDF6CC192AB}"
EndProject
Project("{9A19103F-16F7-4668-BE54-9A1E7A4F7556}") = "Foundation3", "final\Foundation3\Foundation3.csproj", "{4F8F19AB-EF00-4784-84E9-8FBFC1E910F1}"
EndProject
Project("{9A19103F-16F7-4668-BE54-9A1E7A4F7556}") = "Foundation4", "final\Foundation4\Foundation4.csproj", "{CE4EB4EE-4FE7-4F55-B83F-C5BC5B532C57}"
EndProject
Project("{2150E333-8FDC-42A3-9474-1A3956D46DE8}") = "prepare", "prepare", "{BDAF33F1-8B81-4420-91E0-EC5D78671739}"
EndProject
Project("{9A19103F-16F7-4668-BE54-9A1E7A4F7556}") = "Learning02", "prepare\Learning02\Learning02.csproj", "{5D848AF9-922B-46CB-BA97-83C878B2D5A0}"
EndProject
Project("{9A19103F-16F7-4668-BE54-9A1E7A4F7556}") = "Learning03", "prepare\Learning03\Learning03.csproj", "{8F339744-F5BA-442E-B652-4DED3309E93A}"
EndProject
Project("{9A19103F-16F7-4668-BE54-9A1E7A4F7556}") = "Learning04", "prepare\Learning04\Learning04.csproj", "{CC5DACE1-0477-4BF0-822E-05438EFD8CD0}"
EndProject
Project("{9A19103F-16F7-4668-BE54-9A1E7A4F7556}") = "Learning05", "prepare\Learning05\Learning05.csproj", "{67A403B1-BA84-4F03-B275-D2B3D0336BC7}"
EndProject
Project("{2150E333-8FDC-42A3-9474-1A3956D46DE8}") = "prove", "prove", "{2E6FD35C-6302-4BD8-B37A-C26E8AAC35C0}"
EndProject
Project("{9A19103F-16F7-4668-BE54-9A1E7A4F7556}") = "Develop02", "prove\Develop02\Develop02.csproj", "{55B23AE8-7E07-44C1-A3E4-E79E2F1D970C}"
EndProject
Project("{9A19103F-16F7-4668-BE54-9A1E7A4F7556}") = "Develop03", "prove\Develop03\Develop03.csproj", "{A9CB68DA-EFFF-46D7-9F09-B23C6F50C979}"
EndProject
Project("{9A19103F-16F7-4668-BE54-9A1E7A4F7556}") = "Develop04", "prove\Develop04\Develop04.csproj", "{C01A506D-2F73-437A-B133-D014EE8781C7}"
EndProject
Project("{9A19103F-16F7-4668-BE54-9A1E7A4F7556}") = "Develop05", "prove\Develop05\Develop05.csproj", "{5F9DBE9E-F815-433C-80AB-5484F44107DF}"
EndProject
Project("{2150E333-8FDC-42A3-9474-1A3956D46DE8}") = "sandbox", "sandbox", "{D0A75675-BC17-4658-9CF7-2FDB0D5F9565}"
EndProject
Project("{9A19103F-16F7-4668-BE54-9A1E7A4F7556}") = "Sandbox", "sandbox\Sandbox\Sandbox.csproj", "{083C46C3-5C2B-4121-8D1D-990A540AA39E}"
EndProject
Global
	GlobalSection(SolutionConfigurationPlatforms) = preSolution
		Debug|Any CPU = Debug|Any CPU
		Release|Any CPU = Release|Any CPU
	EndGlobalSection
	GlobalSection(ProjectConfigurationPlatforms) = postSolution
		{7C1B5478-82BC-4BA7-806B-5FACEF68FEBB}.Debug|Any CPU.ActiveCfg = Debug|Any CPU
		{7C1B5478-82BC-4BA7-806B-5FACEF68FEBB}.Debug|Any CPU.Build.0 = Debug|Any CPU
		{7C1B5478-82BC-4BA7-806B-5FACEF68FEBB}.Release|Any CPU.ActiveCfg = Release|Any CPU
		{7C1B5478-82BC-4BA7-806B-5FACEF68FEBB}.Release|Any CPU.Build.0 = Release|Any CPU
		{5A6B7B15-2C9B-45C4-B68E-CB6BE6D4C9CE}.Debug|Any CPU.ActiveCfg = Debug|Any CPU
		{5A6B7B15-2C9B-45C4-B68E-CB6BE6D4C9CE}.Debug|Any CPU.Build.0 = Debug|Any CPU
		{5A6B7B15-2C9B-45C4-B68E-CB6BE6D4C9CE}.Release|Any CPU.ActiveCfg = Release|Any CPU
		{5A6B7B15-2C9B-45C4-B68E-CB6BE6D4C9CE}.Release|Any CPU.Build.0 = Release|Any CPU
		{F817A86B-E484-4E05-892C-CAA4E26D93A2}.Debug|Any CPU.ActiveCfg = Debug|Any CPU
		{F817A86B-E484-4E05-892C-CAA4E26D93A2}.Debug|Any CPU.Build.0 = Debug|Any CPU
		{F817A86B-E484-4E05-892C-CAA4E26D93A2}.Release|Any CPU.ActiveCfg = Release|Any CPU
		{F817A86B-E484-4E05-892C-CAA4E26D93A2}.Release|Any CPU.Build.0 = Release|Any CPU
		{B89C4131-82ED-4D8D-959E-4A6CACF454AB}.Debug|Any CPU.ActiveCfg = Debug|Any CPU
		{B89C4131-82ED-4D8D-959E-4A6CACF454AB}.Debug|Any CPU.Build.0 = Debug|Any CPU
		{B89C4131-82ED-4D8D-959E-4A6CACF454AB}.Release|Any CPU.ActiveCfg = Release|Any CPU
		{B89C4131-82ED-4D8D-959E-4A6CACF454AB}.Release|Any CPU.Build.0 = Release|Any CPU
		{CA407760-5D10-41FA-AF0D-EC8AB9D40CAD}.Debug|Any CPU.ActiveCfg = Debug|Any CPU
		{CA407760-5D10-41FA-AF0D-EC8AB9D40CAD}.Debug|Any CPU.Build.0 = Debug|Any CPU
		{CA407760-5D10-41FA-AF0D-EC8AB9D40CAD}.Release|Any CPU.ActiveCfg = Release|Any CPU
		{CA407760-5D10-41FA-AF0D-EC8AB9D40CAD}.Release|Any CPU.Build.0 = Release|Any CPU
		{D61F217A-7A95-4326-9F3E-97BDF2922800}.Debug|Any CPU.ActiveCfg = Debug|Any CPU
		{D61F217A-7A95-4326-9F3E-97BDF2922800}.Debug|Any CPU.Build.0 = Debug|Any CPU
		{D61F217A-7A95-4326-9F3E-97BDF2922800}.Release|Any CPU.ActiveCfg = Release|Any CPU
		{D61F217A-7A95-4326-9F3E-97BDF2922800}.Release|Any CPU.Build.0 = Release|Any CPU
		{777C41A9-3AF5-4734-A043-201DF60F537E}.Debug|Any CPU.ActiveCfg = Debug|Any CPU
		{777C41A9-3AF5-4734-A043-201DF60F537E}.Debug|Any CPU.Build.0 = Debug|Any CPU
		{777C41A9-3AF5-4734-A043-201DF60F537E}.Release|Any CPU.ActiveCfg = Release|Any CPU
		{777C41A9-3AF5-4734-A043-201DF60F537E}.Release|Any CPU.Build.0 = Release|Any CPU
		{0F46D145-871F-4D75-B8B8-8DDF6CC192AB}.Debug|Any CPU.ActiveCfg = Debug|Any CPU
		{0F46D145-871F-4D75-B8B8-8DDF6CC192AB}.Debug|Any CPU.Build.0 = Debug|Any CPU
		{0F46D145-871F-4D75-B8B8-8DDF6CC192AB}.Release|Any CPU.ActiveCfg = Release|Any CPU
		{0F46D145-871F-4D75-B8B8-8DDF6CC192AB}.Release|Any CPU.Build.0 = Release|Any CPU
		{4F8F19AB-EF00-4784-84E9-8FBFC1E910F1}.Debug|Any CPU.ActiveCfg = Debug|Any CPU
		{4F8F19AB-EF00-4784-84E9-8FBFC1E910F1}.Debug|Any CPU.Build.0 = Debug|Any CPU
		{4F8F19AB-EF00-4784-84E9-8FBFC1E910F1}.Release|Any CPU.ActiveCfg = Release|Any CPU
		{4F8F19AB-EF00-4784-84E9-8FBFC1E910F1}.Release|Any CPU.Build.0 = Release|Any CPU
		{CE4EB4EE-4FE7-4F55-B83F-C5BC5B532C57}.Debug|Any CPU.ActiveCfg = Debug|Any CPU
		{CE4EB4EE-4FE7-4F55-B83F-C5BC5B532C57}.Debug|Any CPU.Build.0 = Debug|Any CPU
		{CE4EB4EE-4FE7-4F55-B83F-C5BC5B532C57}.Release|Any CPU.ActiveCfg = Release|Any CPU
		{CE4EB4EE-4FE7-4F55-B83F-C5BC5B532C57}.Release|Any CPU.Build.0 = Release|Any CPU
		{5D848AF9-922B-46CB-BA97-83C878B2D5A0}.Debug|Any CPU.ActiveCfg = Debug|Any CPU
		{5D848AF9-922B-46CB-BA97-83C878B2D5A0}.Debug|Any CPU.Build.0 = Debug|Any CPU
		{5D848AF9-922B-46CB-BA97-83C878B2D5A0}.Release|Any CPU.ActiveCfg = Release|Any CPU
		{5D848AF9-922B-46CB-BA97-83C878B2D5A0}.Release|Any CPU.Build.0 = Release|Any CPU
		{8F339744-F5BA-442E-B652-4DED3309E93A}.Debug|Any CPU.ActiveCfg = Debug|Any CPU
		{8F339744-F5BA-442E-B652-4DED3309E93A}.Debug|Any CPU.Build.0 = Debug|Any CPU
		{8F339744-F5BA-442E-B652-4DED3309E93A}.Release|Any CPU.ActiveCfg = Release|Any CPU
		{8F339744-F5BA-442E-B652-4DED3309E93A}.Release|Any CPU.Build.0 = Release|Any CPU
		{CC5DACE1-0477-4BF0-822E-05438EFD8CD0}.Debug|Any CPU.ActiveCfg = Debug|Any CPU
		{CC5DACE1-0477-4BF0-822E-05438EFD8CD0}.Debug|Any CPU.Build.0 = Debug|Any CPU
		{CC5DACE1-0477-4BF0-822E-05438EFD8CD0}.Release|Any CPU.ActiveCfg = Release|Any CPU
		{CC5DACE1-0477-4BF0-822E-05438EFD8CD0}.Release|Any CPU.Build.0 = Release|Any CPU
		{67A403B1-BA84-4F03-B275-D2B3D0336BC7}.Debug|Any CPU.ActiveCfg = Debug|Any CPU
		{67A403B1-BA84-4F03-B275-D2B3D0336BC7}.Debug|Any CPU.Build.0 = Debug|Any CPU
		{67A403B1-BA84-4F03-B275-D2B3D0336BC7}.Release|Any CPU.ActiveCfg = Release|Any CPU
		{67A403B1-BA84-4F03-B275-D2B3D0336BC7}.Release|Any CPU.Build.0 = Release|Any CPU
		{55B23AE8-7E07-44C1-A3E4-E79E2F1D970C}.Debug|Any CPU.ActiveCfg = Debug|Any CPU
		{55B23AE8-7E07-44C1-A3E4-E79E2F1D970C}.Debug|Any CPU.Build.0 = Debug|Any CPU
		{55B23AE8-7E07-44C1-A3E4-E79E2F1D970C}.Release|Any CPU.ActiveCfg = Release|Any CPU
		{55B23AE8-7E07-44C1-A3E4-E79E2F1D970C}.Release|Any CPU.Build.0 = Release|Any CPU
		{A9CB68DA-EFFF-46D7-9F09-B23C6F50C979}.Debug|Any CPU.ActiveCfg = Debug|Any CPU
		{A9CB68DA-EFFF-46D7-9F09-B23C6F50C979}.Debug|Any CPU.Build.0 = Debug|Any CPU
		{A9CB68DA-EFFF-46D7-9F09-B23C6F50C979}.Release|Any CPU.ActiveCfg = Release|Any CPU
		{A9CB68DA-EFFF-46D7-9F09-B23C6F50C979}.Release|Any CPU.Build.0 = Release|Any CPU
		{C01A506D-2F73-437A-B133-D014EE8781C7}.Debug|Any CPU.ActiveCfg = Debug|Any CPU
		{C01A506D-2F73-437A-B133-D014EE8781C7}.Debug|Any CPU.Build.0 = Debug|Any CPU
		{C01A506D-2F73-437A-B133-D014EE8781C7}.Release|Any CPU.ActiveCfg = Release|Any CPU
		{C01A506D-2F73-437A-B133-D014EE8781C7}.Release|Any CPU.Build.0 = Release|Any CPU
		{5F9DBE9E-F815-433C-80AB-5484F44107DF}.Debug|Any CPU.ActiveCfg = Debug|Any CPU
		{5F9DBE9E-F815-433C-80AB-5484F44107DF}.Debug|Any CPU.Build.0 = Debug|Any CPU
		{5F9DBE9E-F815-433C-80AB-5484F44107DF}.Release|Any CPU.ActiveCfg = Release|Any CPU
		{5F9DBE9E-F815-433C-80AB-5484F44107DF}.Release|Any CPU.Build.0 = Release|Any CPU
		{083C46C3-5C2B-4121-8D1D-990A540AA39E}.Debug|Any CPU.ActiveCfg = Debug|Any CPU
		{083C46C3-5C2B-4121-8D1D-990A540AA39E}.Debug|Any CPU.Build.0 = Debug|Any CPU
		{083C46C3-5C2B-4121-8D1D-990A540AA39E}.Release|Any CPU.ActiveCfg = Release|Any CPU
		{083C46C3-5C2B-4121-8D1D-990A540AA39E}.Release|Any CPU.Build.0 = Release|Any CPU
	EndGlobalSection
	GlobalSection(SolutionProperties) = preSolution
		HideSolutionNode = FALSE
	EndGlobalSection
	GlobalSection(NestedProjects) = preSolution
		{7C1B5478-82BC-4BA7-806B-5FACEF68FEBB} = {B6BC4DDA-6381-4B12-ABDE-CDA562A25826}
		{5A6B7B15-2C9B-45C4-B68E-CB6BE6D4C9CE} = {B6BC4DDA-6381-4B12-ABDE-CDA562A25826}
		{F817A86B-E484-4E05-892C-CAA4E26D93A2} = {B6BC4DDA-6381-4B12-ABDE-CDA562A25826}
		{B89C4131-82ED-4D8D-959E-4A6CACF454AB} = {B6BC4DDA-6381-4B12-ABDE-CDA562A25826}
		{CA407760-5D10-41FA-AF0D-EC8AB9D40CAD} = {B6BC4DDA-6381-4B12-ABDE-CDA562A25826}
		{D61F217A-7A95-4326-9F3E-97BDF2922800} = {A9C729A8-F92A-49CE-A434-7C0958D96C46}
		{777C41A9-3AF5-4734-A043-201DF60F537E} = {A9C729A8-F92A-49CE-A434-7C0958D96C46}
		{0F46D145-871F-4D75-B8B8-8DDF6CC192AB} = {A9C729A8-F92A-49CE-A434-7C0958D96C46}
		{4F8F19AB-EF00-4784-84E9-8FBFC1E910F1} = {A9C729A8-F92A-49CE-A434-7C0958D96C46}
		{CE4EB4EE-4FE7-4F55-B83F-C5BC5B532C57} = {A9C729A8-F92A-49CE-A434-7C0958D96C46}
		{5D848AF9-922B-46CB-BA97-83C878B2D5A0} = {BDAF33F1-8B81-4420-91E0-EC5D78671739}
		{8F339744-F5BA-442E-B652-4DED3309E93A} = {BDAF33F1-8B81-4420-91E0-EC5D78671739}
		{CC5DACE1-0477-4BF0-822E-05438EFD8CD0} = {BDAF33F1-8B81-4420-91E0-EC5D78671739}
		{67A403B1-BA84-4F03-B275-D2B3D0336BC7} = {BDAF33F1-8B81-4420-91E0-EC5D78671739}
		{55B23AE8-7E07-44C1-A3E4-E79E2F1D970C} = {2E6FD35C-6302-4BD8-B37A-C26E8AAC35C0}
		{A9CB68DA-EFFF-46D7-9F09-B23C6F50C979} = {2E6FD35C-6302-4BD8-B37A-C26E8AAC35C0}
		{C01A506D-2F73-437A-B133-D014EE8781C7} = {2E6FD35C-6302-4BD8-B37A-C26E8AAC35C0}
		{5F9DBE9E-F815-433C-80AB-5484F44107DF} = {2E6FD35C-6302-4BD8-B37A-C26E8AAC35C0}
		{083C46C3-5C2B-4121-8D1D-990A540AA39E} = {D0A75675-BC17-4658-9CF7-2FDB0D5F9565}
	EndGlobalSection
	GlobalSection(ExtensibilityGlobals) = postSolution
		SolutionGuid = {0CC0C2CF-03F0-461A-BD72-198F62988DF6}
	EndGlobalSection
EndGlobal
